
Microsoft Visual Studio Solution File, Format Version 12.00
# Visual Studio 14
VisualStudioVersion = 14.0.25420.1
MinimumVisualStudioVersion = 10.0.40219.1
Project("{FAE04EC0-301F-11D3-BF4B-00C04F79EFBC}") = "Stock.BL", "Stock.BL\Stock.BL.csproj", "{136E63D9-F75C-4AF8-B0C0-4930822E7192}"
EndProject
Project("{2150E333-8FDC-42A3-9474-1A3956D46DE8}") = "Services", "Services", "{EDE2B42A-476B-4893-9B84-BF47EF4BA29D}"
EndProject
Project("{FAE04EC0-301F-11D3-BF4B-00C04F79EFBC}") = "Stock.DAL", "Stock.DAL\Stock.DAL.csproj", "{CBE6BE4F-4BF6-453B-9B64-127D2B1DABCA}"
EndProject
Project("{FAE04EC0-301F-11D3-BF4B-00C04F79EFBC}") = "Stock.Services.Manufacturer", "Stock.Services.Manufacturer\Stock.Services.Manufacturer.csproj", "{6EFA83A8-D1AF-400E-AD29-A61071E72540}"
EndProject
Project("{FAE04EC0-301F-11D3-BF4B-00C04F79EFBC}") = "Stock.Services.Product", "Stock.Services.Product\Stock.Services.Product.csproj", "{4C32774C-FAD7-481C-B4C0-2C599DED07EA}"
EndProject
Project("{2150E333-8FDC-42A3-9474-1A3956D46DE8}") = "Hosts", "Hosts", "{DC5563BB-B4B5-4491-A764-99FE0F048233}"
EndProject
Project("{FAE04EC0-301F-11D3-BF4B-00C04F79EFBC}") = "Stock.Hosts.HostAllServices", "Stock.Hosts.HostAllServices\Stock.Hosts.HostAllServices.csproj", "{502C0FA7-D48C-4126-8791-4D809E77C2FD}"
EndProject
Project("{FAE04EC0-301F-11D3-BF4B-00C04F79EFBC}") = "Stock.Services.ConnectionType", "Stock.Services.ConnectionType\Stock.Services.ConnectionType.csproj", "{3B4B4424-64C1-4770-A229-5EB08EE03FCE}"
EndProject
Project("{FAE04EC0-301F-11D3-BF4B-00C04F79EFBC}") = "Stock.Services.ScreenType", "Stock.Services.ScreenType\Stock.Services.ScreenType.csproj", "{F2AB9E3F-8057-4AC2-9C35-A818CC122505}"
EndProject
Project("{2150E333-8FDC-42A3-9474-1A3956D46DE8}") = "Clients", "Clients", "{3484C9B9-67F0-4EC8-B41E-24F7A62AF4AE}"
EndProject
Project("{FAE04EC0-301F-11D3-BF4B-00C04F79EFBC}") = "Stock.Clients.ProductsShop", "Stock.Clients.ProductsShop\Stock.Clients.ProductsShop.csproj", "{D1EBBAAB-851E-49FD-B42F-A171F2E7028F}"
EndProject
Global
	GlobalSection(SolutionConfigurationPlatforms) = preSolution
		Debug|Any CPU = Debug|Any CPU
		Release|Any CPU = Release|Any CPU
	EndGlobalSection
	GlobalSection(ProjectConfigurationPlatforms) = postSolution
		{136E63D9-F75C-4AF8-B0C0-4930822E7192}.Debug|Any CPU.ActiveCfg = Debug|Any CPU
		{136E63D9-F75C-4AF8-B0C0-4930822E7192}.Debug|Any CPU.Build.0 = Debug|Any CPU
		{136E63D9-F75C-4AF8-B0C0-4930822E7192}.Release|Any CPU.ActiveCfg = Release|Any CPU
		{136E63D9-F75C-4AF8-B0C0-4930822E7192}.Release|Any CPU.Build.0 = Release|Any CPU
		{CBE6BE4F-4BF6-453B-9B64-127D2B1DABCA}.Debug|Any CPU.ActiveCfg = Debug|Any CPU
		{CBE6BE4F-4BF6-453B-9B64-127D2B1DABCA}.Debug|Any CPU.Build.0 = Debug|Any CPU
		{CBE6BE4F-4BF6-453B-9B64-127D2B1DABCA}.Release|Any CPU.ActiveCfg = Release|Any CPU
		{CBE6BE4F-4BF6-453B-9B64-127D2B1DABCA}.Release|Any CPU.Build.0 = Release|Any CPU
		{6EFA83A8-D1AF-400E-AD29-A61071E72540}.Debug|Any CPU.ActiveCfg = Debug|Any CPU
		{6EFA83A8-D1AF-400E-AD29-A61071E72540}.Debug|Any CPU.Build.0 = Debug|Any CPU
		{6EFA83A8-D1AF-400E-AD29-A61071E72540}.Release|Any CPU.ActiveCfg = Release|Any CPU
		{6EFA83A8-D1AF-400E-AD29-A61071E72540}.Release|Any CPU.Build.0 = Release|Any CPU
		{4C32774C-FAD7-481C-B4C0-2C599DED07EA}.Debug|Any CPU.ActiveCfg = Debug|Any CPU
		{4C32774C-FAD7-481C-B4C0-2C599DED07EA}.Debug|Any CPU.Build.0 = Debug|Any CPU
		{4C32774C-FAD7-481C-B4C0-2C599DED07EA}.Release|Any CPU.ActiveCfg = Release|Any CPU
		{4C32774C-FAD7-481C-B4C0-2C599DED07EA}.Release|Any CPU.Build.0 = Release|Any CPU
		{502C0FA7-D48C-4126-8791-4D809E77C2FD}.Debug|Any CPU.ActiveCfg = Debug|Any CPU
		{502C0FA7-D48C-4126-8791-4D809E77C2FD}.Debug|Any CPU.Build.0 = Debug|Any CPU
		{502C0FA7-D48C-4126-8791-4D809E77C2FD}.Release|Any CPU.ActiveCfg = Release|Any CPU
		{502C0FA7-D48C-4126-8791-4D809E77C2FD}.Release|Any CPU.Build.0 = Release|Any CPU
		{3B4B4424-64C1-4770-A229-5EB08EE03FCE}.Debug|Any CPU.ActiveCfg = Debug|Any CPU
		{3B4B4424-64C1-4770-A229-5EB08EE03FCE}.Debug|Any CPU.Build.0 = Debug|Any CPU
		{3B4B4424-64C1-4770-A229-5EB08EE03FCE}.Release|Any CPU.ActiveCfg = Release|Any CPU
		{3B4B4424-64C1-4770-A229-5EB08EE03FCE}.Release|Any CPU.Build.0 = Release|Any CPU
		{F2AB9E3F-8057-4AC2-9C35-A818CC122505}.Debug|Any CPU.ActiveCfg = Debug|Any CPU
		{F2AB9E3F-8057-4AC2-9C35-A818CC122505}.Debug|Any CPU.Build.0 = Debug|Any CPU
		{F2AB9E3F-8057-4AC2-9C35-A818CC122505}.Release|Any CPU.ActiveCfg = Release|Any CPU
		{F2AB9E3F-8057-4AC2-9C35-A818CC122505}.Release|Any CPU.Build.0 = Release|Any CPU
		{D1EBBAAB-851E-49FD-B42F-A171F2E7028F}.Debug|Any CPU.ActiveCfg = Debug|Any CPU
		{D1EBBAAB-851E-49FD-B42F-A171F2E7028F}.Debug|Any CPU.Build.0 = Debug|Any CPU
		{D1EBBAAB-851E-49FD-B42F-A171F2E7028F}.Release|Any CPU.ActiveCfg = Release|Any CPU
		{D1EBBAAB-851E-49FD-B42F-A171F2E7028F}.Release|Any CPU.Build.0 = Release|Any CPU
	EndGlobalSection
	GlobalSection(SolutionProperties) = preSolution
		HideSolutionNode = FALSE
	EndGlobalSection
	GlobalSection(NestedProjects) = preSolution
		{6EFA83A8-D1AF-400E-AD29-A61071E72540} = {EDE2B42A-476B-4893-9B84-BF47EF4BA29D}
		{4C32774C-FAD7-481C-B4C0-2C599DED07EA} = {EDE2B42A-476B-4893-9B84-BF47EF4BA29D}
		{502C0FA7-D48C-4126-8791-4D809E77C2FD} = {DC5563BB-B4B5-4491-A764-99FE0F048233}
		{3B4B4424-64C1-4770-A229-5EB08EE03FCE} = {EDE2B42A-476B-4893-9B84-BF47EF4BA29D}
		{F2AB9E3F-8057-4AC2-9C35-A818CC122505} = {EDE2B42A-476B-4893-9B84-BF47EF4BA29D}
		{D1EBBAAB-851E-49FD-B42F-A171F2E7028F} = {3484C9B9-67F0-4EC8-B41E-24F7A62AF4AE}
	EndGlobalSection
EndGlobal
